
Microsoft Visual Studio Solution File, Format Version 12.00
# Visual Studio Version 17
VisualStudioVersion = 17.14.35806.103 d17.14
MinimumVisualStudioVersion = 10.0.40219.1
Project("{FAE04EC0-301F-11D3-BF4B-00C04F79EFBC}") = "Mancala", "Mancala.csproj", "{652C9165-F035-49B0-A010-FB8CE25E29B6}"
EndProject
Global
	GlobalSection(SolutionConfigurationPlatforms) = preSolution
		Debug|Any CPU = Debug|Any CPU
		Release|Any CPU = Release|Any CPU
	EndGlobalSection
	GlobalSection(ProjectConfigurationPlatforms) = postSolution
		{652C9165-F035-49B0-A010-FB8CE25E29B6}.Debug|Any CPU.ActiveCfg = Debug|Any CPU
		{652C9165-F035-49B0-A010-FB8CE25E29B6}.Debug|Any CPU.Build.0 = Debug|Any CPU
		{652C9165-F035-49B0-A010-FB8CE25E29B6}.Release|Any CPU.ActiveCfg = Release|Any CPU
		{652C9165-F035-49B0-A010-FB8CE25E29B6}.Release|Any CPU.Build.0 = Release|Any CPU
	EndGlobalSection
	GlobalSection(SolutionProperties) = preSolution
		HideSolutionNode = FALSE
	EndGlobalSection
	GlobalSection(ExtensibilityGlobals) = postSolution
		SolutionGuid = {089C6298-AA44-4FC9-BCC0-EA0D90DBA174}
	EndGlobalSection
EndGlobal
