
Microsoft Visual Studio Solution File, Format Version 12.00
# Visual Studio Version 17
VisualStudioVersion = 17.14.35806.103
MinimumVisualStudioVersion = 10.0.40219.1
Project("{FAE04EC0-301F-11D3-BF4B-00C04F79EFBC}") = "Mancala.cl", "Mancala.cl\Mancala.cl.csproj", "{9DFD17FA-36B4-C227-6985-2A41F2951746}"
EndProject
Project("{FAE04EC0-301F-11D3-BF4B-00C04F79EFBC}") = "Mancala.Console", "Mancala.Console\Mancala.Console.csproj", "{C16426DA-79F8-22AC-D5B3-B75CE19998EB}"
EndProject
Project("{FAE04EC0-301F-11D3-BF4B-00C04F79EFBC}") = "Mancala.WinForms", "Mancala.WinForms\Mancala.WinForms.csproj", "{2D143D60-2BEB-2550-82EB-6D320FE275CA}"
EndProject
Global
	GlobalSection(SolutionConfigurationPlatforms) = preSolution
		Debug|Any CPU = Debug|Any CPU
		Release|Any CPU = Release|Any CPU
	EndGlobalSection
	GlobalSection(ProjectConfigurationPlatforms) = postSolution
		{9DFD17FA-36B4-C227-6985-2A41F2951746}.Debug|Any CPU.ActiveCfg = Debug|Any CPU
		{9DFD17FA-36B4-C227-6985-2A41F2951746}.Debug|Any CPU.Build.0 = Debug|Any CPU
		{9DFD17FA-36B4-C227-6985-2A41F2951746}.Release|Any CPU.ActiveCfg = Release|Any CPU
		{9DFD17FA-36B4-C227-6985-2A41F2951746}.Release|Any CPU.Build.0 = Release|Any CPU
		{C16426DA-79F8-22AC-D5B3-B75CE19998EB}.Debug|Any CPU.ActiveCfg = Debug|Any CPU
		{C16426DA-79F8-22AC-D5B3-B75CE19998EB}.Debug|Any CPU.Build.0 = Debug|Any CPU
		{C16426DA-79F8-22AC-D5B3-B75CE19998EB}.Release|Any CPU.ActiveCfg = Release|Any CPU
		{C16426DA-79F8-22AC-D5B3-B75CE19998EB}.Release|Any CPU.Build.0 = Release|Any CPU
		{2D143D60-2BEB-2550-82EB-6D320FE275CA}.Debug|Any CPU.ActiveCfg = Debug|Any CPU
		{2D143D60-2BEB-2550-82EB-6D320FE275CA}.Debug|Any CPU.Build.0 = Debug|Any CPU
		{2D143D60-2BEB-2550-82EB-6D320FE275CA}.Release|Any CPU.ActiveCfg = Release|Any CPU
		{2D143D60-2BEB-2550-82EB-6D320FE275CA}.Release|Any CPU.Build.0 = Release|Any CPU
	EndGlobalSection
	GlobalSection(SolutionProperties) = preSolution
		HideSolutionNode = FALSE
	EndGlobalSection
	GlobalSection(ExtensibilityGlobals) = postSolution
		SolutionGuid = {089C6298-AA44-4FC9-BCC0-EA0D90DBA174}
	EndGlobalSection
EndGlobal
